// !$*UTF8*$!
{
	archiveVersion = 1;
	classes = {
	};
	objectVersion = 46;
	objects = {

/* Begin PBXBuildFile section */
		401F3BF91CA5F541003B0692 /* AppDelegate.swift in Sources */ = {isa = PBXBuildFile; fileRef = 401F3BF81CA5F541003B0692 /* AppDelegate.swift */; };
		401F3BFB1CA5F541003B0692 /* ViewController.swift in Sources */ = {isa = PBXBuildFile; fileRef = 401F3BFA1CA5F541003B0692 /* ViewController.swift */; };
		401F3BFE1CA5F541003B0692 /* Main.storyboard in Resources */ = {isa = PBXBuildFile; fileRef = 401F3BFC1CA5F541003B0692 /* Main.storyboard */; };
		401F3C001CA5F541003B0692 /* Assets.xcassets in Resources */ = {isa = PBXBuildFile; fileRef = 401F3BFF1CA5F541003B0692 /* Assets.xcassets */; };
		401F3C031CA5F541003B0692 /* LaunchScreen.storyboard in Resources */ = {isa = PBXBuildFile; fileRef = 401F3C011CA5F541003B0692 /* LaunchScreen.storyboard */; };
		401F3C0E1CA5F541003B0692 /* GitDemoTests.swift in Sources */ = {isa = PBXBuildFile; fileRef = 401F3C0D1CA5F541003B0692 /* GitDemoTests.swift */; };
/* End PBXBuildFile section */

/* Begin PBXContainerItemProxy section */
		401F3C0A1CA5F541003B0692 /* PBXContainerItemProxy */ = {
			isa = PBXContainerItemProxy;
			containerPortal = 401F3BED1CA5F541003B0692 /* Project object */;
			proxyType = 1;
			remoteGlobalIDString = 401F3BF41CA5F541003B0692;
			remoteInfo = GitDemo;
		};
/* End PBXContainerItemProxy section */

/* Begin PBXFileReference section */
		401F3BF51CA5F541003B0692 /* GitDemo.app */ = {isa = PBXFileReference; explicitFileType = wrapper.application; includeInIndex = 0; path = GitDemo.app; sourceTree = BUILT_PRODUCTS_DIR; };
		401F3BF81CA5F541003B0692 /* AppDelegate.swift */ = {isa = PBXFileReference; lastKnownFileType = sourcecode.swift; path = AppDelegate.swift; sourceTree = "<group>"; };
		401F3BFA1CA5F541003B0692 /* ViewController.swift */ = {isa = PBXFileReference; lastKnownFileType = sourcecode.swift; path = ViewController.swift; sourceTree = "<group>"; };
		401F3BFD1CA5F541003B0692 /* Base */ = {isa = PBXFileReference; lastKnownFileType = file.storyboard; name = Base; path = Base.lproj/Main.storyboard; sourceTree = "<group>"; };
		401F3BFF1CA5F541003B0692 /* Assets.xcassets */ = {isa = PBXFileReference; lastKnownFileType = folder.assetcatalog; path = Assets.xcassets; sourceTree = "<group>"; };
		401F3C021CA5F541003B0692 /* Base */ = {isa = PBXFileReference; lastKnownFileType = file.storyboard; name = Base; path = Base.lproj/LaunchScreen.storyboard; sourceTree = "<group>"; };
		401F3C041CA5F541003B0692 /* Info.plist */ = {isa = PBXFileReference; lastKnownFileType = text.plist.xml; path = Info.plist; sourceTree = "<group>"; };
		401F3C091CA5F541003B0692 /* GitDemoTests.xctest */ = {isa = PBXFileReference; explicitFileType = wrapper.cfbundle; includeInIndex = 0; path = GitDemoTests.xctest; sourceTree = BUILT_PRODUCTS_DIR; };
		401F3C0D1CA5F541003B0692 /* GitDemoTests.swift */ = {isa = PBXFileReference; lastKnownFileType = sourcecode.swift; path = GitDemoTests.swift; sourceTree = "<group>"; };
		401F3C0F1CA5F541003B0692 /* Info.plist */ = {isa = PBXFileReference; lastKnownFileType = text.plist.xml; path = Info.plist; sourceTree = "<group>"; };
/* End PBXFileReference section */

/* Begin PBXFrameworksBuildPhase section */
		401F3BF21CA5F541003B0692 /* Frameworks */ = {
			isa = PBXFrameworksBuildPhase;
			buildActionMask = 2147483647;
			files = (
			);
			runOnlyForDeploymentPostprocessing = 0;
		};
		401F3C061CA5F541003B0692 /* Frameworks */ = {
			isa = PBXFrameworksBuildPhase;
			buildActionMask = 2147483647;
			files = (
			);
			runOnlyForDeploymentPostprocessing = 0;
		};
/* End PBXFrameworksBuildPhase section */

/* Begin PBXGroup section */
		401F3BEC1CA5F541003B0692 = {
			isa = PBXGroup;
			children = (
				401F3BF71CA5F541003B0692 /* GitDemo */,
				401F3C0C1CA5F541003B0692 /* GitDemoTests */,
				401F3BF61CA5F541003B0692 /* Products */,
			);
			sourceTree = "<group>";
		};
		401F3BF61CA5F541003B0692 /* Products */ = {
			isa = PBXGroup;
			children = (
				401F3BF51CA5F541003B0692 /* GitDemo.app */,
				401F3C091CA5F541003B0692 /* GitDemoTests.xctest */,
			);
			name = Products;
			sourceTree = "<group>";
		};
		401F3BF71CA5F541003B0692 /* GitDemo */ = {
			isa = PBXGroup;
			children = (
				401F3BF81CA5F541003B0692 /* AppDelegate.swift */,
				401F3BFA1CA5F541003B0692 /* ViewController.swift */,
				401F3BFC1CA5F541003B0692 /* Main.storyboard */,
				401F3BFF1CA5F541003B0692 /* Assets.xcassets */,
				401F3C011CA5F541003B0692 /* LaunchScreen.storyboard */,
				401F3C041CA5F541003B0692 /* Info.plist */,
			);
			path = GitDemo;
			sourceTree = "<group>";
		};
		401F3C0C1CA5F541003B0692 /* GitDemoTests */ = {
			isa = PBXGroup;
			children = (
				401F3C0D1CA5F541003B0692 /* GitDemoTests.swift */,
				401F3C0F1CA5F541003B0692 /* Info.plist */,
			);
			path = GitDemoTests;
			sourceTree = "<group>";
		};
/* End PBXGroup section */

/* Begin PBXNativeTarget section */
		401F3BF41CA5F541003B0692 /* GitDemo */ = {
			isa = PBXNativeTarget;
			buildConfigurationList = 401F3C121CA5F541003B0692 /* Build configuration list for PBXNativeTarget "GitDemo" */;
			buildPhases = (
				401F3BF11CA5F541003B0692 /* Sources */,
				401F3BF21CA5F541003B0692 /* Frameworks */,
				401F3BF31CA5F541003B0692 /* Resources */,
			);
			buildRules = (
			);
			dependencies = (
			);
			name = GitDemo;
			productName = GitDemo;
			productReference = 401F3BF51CA5F541003B0692 /* GitDemo.app */;
			productType = "com.apple.product-type.application";
		};
		401F3C081CA5F541003B0692 /* GitDemoTests */ = {
			isa = PBXNativeTarget;
			buildConfigurationList = 401F3C151CA5F541003B0692 /* Build configuration list for PBXNativeTarget "GitDemoTests" */;
			buildPhases = (
				401F3C051CA5F541003B0692 /* Sources */,
				401F3C061CA5F541003B0692 /* Frameworks */,
				401F3C071CA5F541003B0692 /* Resources */,
			);
			buildRules = (
			);
			dependencies = (
				401F3C0B1CA5F541003B0692 /* PBXTargetDependency */,
			);
			name = GitDemoTests;
			productName = GitDemoTests;
			productReference = 401F3C091CA5F541003B0692 /* GitDemoTests.xctest */;
			productType = "com.apple.product-type.bundle.unit-test";
		};
/* End PBXNativeTarget section */

/* Begin PBXProject section */
		401F3BED1CA5F541003B0692 /* Project object */ = {
			isa = PBXProject;
			attributes = {
				LastSwiftUpdateCheck = 0720;
				LastUpgradeCheck = 0720;
				ORGANIZATIONNAME = "Jordan Steele";
				TargetAttributes = {
					401F3BF41CA5F541003B0692 = {
						CreatedOnToolsVersion = 7.2.1;
					};
					401F3C081CA5F541003B0692 = {
						CreatedOnToolsVersion = 7.2.1;
						TestTargetID = 401F3BF41CA5F541003B0692;
					};
				};
			};
			buildConfigurationList = 401F3BF01CA5F541003B0692 /* Build configuration list for PBXProject "GitDemo" */;
			compatibilityVersion = "Xcode 3.2";
			developmentRegion = English;
			hasScannedForEncodings = 0;
			knownRegions = (
				en,
				Base,
			);
			mainGroup = 401F3BEC1CA5F541003B0692;
			productRefGroup = 401F3BF61CA5F541003B0692 /* Products */;
			projectDirPath = "";
			projectRoot = "";
			targets = (
				401F3BF41CA5F541003B0692 /* GitDemo */,
				401F3C081CA5F541003B0692 /* GitDemoTests */,
			);
		};
/* End PBXProject section */

/* Begin PBXResourcesBuildPhase section */
		401F3BF31CA5F541003B0692 /* Resources */ = {
			isa = PBXResourcesBuildPhase;
			buildActionMask = 2147483647;
			files = (
				401F3C031CA5F541003B0692 /* LaunchScreen.storyboard in Resources */,
				401F3C001CA5F541003B0692 /* Assets.xcassets in Resources */,
				401F3BFE1CA5F541003B0692 /* Main.storyboard in Resources */,
			);
			runOnlyForDeploymentPostprocessing = 0;
		};
		401F3C071CA5F541003B0692 /* Resources */ = {
			isa = PBXResourcesBuildPhase;
			buildActionMask = 2147483647;
			files = (
			);
			runOnlyForDeploymentPostprocessing = 0;
		};
/* End PBXResourcesBuildPhase section */

/* Begin PBXSourcesBuildPhase section */
		401F3BF11CA5F541003B0692 /* Sources */ = {
			isa = PBXSourcesBuildPhase;
			buildActionMask = 2147483647;
			files = (
				401F3BFB1CA5F541003B0692 /* ViewController.swift in Sources */,
				401F3BF91CA5F541003B0692 /* AppDelegate.swift in Sources */,
			);
			runOnlyForDeploymentPostprocessing = 0;
		};
		401F3C051CA5F541003B0692 /* Sources */ = {
			isa = PBXSourcesBuildPhase;
			buildActionMask = 2147483647;
			files = (
				401F3C0E1CA5F541003B0692 /* GitDemoTests.swift in Sources */,
			);
			runOnlyForDeploymentPostprocessing = 0;
		};
/* End PBXSourcesBuildPhase section */

/* Begin PBXTargetDependency section */
		401F3C0B1CA5F541003B0692 /* PBXTargetDependency */ = {
			isa = PBXTargetDependency;
			target = 401F3BF41CA5F541003B0692 /* GitDemo */;
			targetProxy = 401F3C0A1CA5F541003B0692 /* PBXContainerItemProxy */;
		};
/* End PBXTargetDependency section */

/* Begin PBXVariantGroup section */
		401F3BFC1CA5F541003B0692 /* Main.storyboard */ = {
			isa = PBXVariantGroup;
			children = (
				401F3BFD1CA5F541003B0692 /* Base */,
			);
			name = Main.storyboard;
			sourceTree = "<group>";
		};
		401F3C011CA5F541003B0692 /* LaunchScreen.storyboard */ = {
			isa = PBXVariantGroup;
			children = (
				401F3C021CA5F541003B0692 /* Base */,
			);
			name = LaunchScreen.storyboard;
			sourceTree = "<group>";
		};
/* End PBXVariantGroup section */

/* Begin XCBuildConfiguration section */
		401F3C101CA5F541003B0692 /* Debug */ = {
			isa = XCBuildConfiguration;
			buildSettings = {
				ALWAYS_SEARCH_USER_PATHS = NO;
				CLANG_CXX_LANGUAGE_STANDARD = "gnu++0x";
				CLANG_CXX_LIBRARY = "libc++";
				CLANG_ENABLE_MODULES = YES;
				CLANG_ENABLE_OBJC_ARC = YES;
				CLANG_WARN_BOOL_CONVERSION = YES;
				CLANG_WARN_CONSTANT_CONVERSION = YES;
				CLANG_WARN_DIRECT_OBJC_ISA_USAGE = YES_ERROR;
				CLANG_WARN_EMPTY_BODY = YES;
				CLANG_WARN_ENUM_CONVERSION = YES;
				CLANG_WARN_INT_CONVERSION = YES;
				CLANG_WARN_OBJC_ROOT_CLASS = YES_ERROR;
				CLANG_WARN_UNREACHABLE_CODE = YES;
				CLANG_WARN__DUPLICATE_METHOD_MATCH = YES;
				"CODE_SIGN_IDENTITY[sdk=iphoneos*]" = "iPhone Developer";
				COPY_PHASE_STRIP = NO;
				DEBUG_INFORMATION_FORMAT = dwarf;
				ENABLE_STRICT_OBJC_MSGSEND = YES;
				ENABLE_TESTABILITY = YES;
				GCC_C_LANGUAGE_STANDARD = gnu99;
				GCC_DYNAMIC_NO_PIC = NO;
				GCC_NO_COMMON_BLOCKS = YES;
				GCC_OPTIMIZATION_LEVEL = 0;
				GCC_PREPROCESSOR_DEFINITIONS = (
					"DEBUG=1",
					"$(inherited)",
				);
				GCC_WARN_64_TO_32_BIT_CONVERSION = YES;
				GCC_WARN_ABOUT_RETURN_TYPE = YES_ERROR;
				GCC_WARN_UNDECLARED_SELECTOR = YES;
				GCC_WARN_UNINITIALIZED_AUTOS = YES_AGGRESSIVE;
				GCC_WARN_UNUSED_FUNCTION = YES;
				GCC_WARN_UNUSED_VARIABLE = YES;
				IPHONEOS_DEPLOYMENT_TARGET = 9.2;
				MTL_ENABLE_DEBUG_INFO = YES;
				ONLY_ACTIVE_ARCH = YES;
				SDKROOT = iphoneos;
				SWIFT_OPTIMIZATION_LEVEL = "-Onone";
			};
			name = Debug;
		};
		401F3C111CA5F541003B0692 /* Release */ = {
			isa = XCBuildConfiguration;
			buildSettings = {
				ALWAYS_SEARCH_USER_PATHS = NO;
				CLANG_CXX_LANGUAGE_STANDARD = "gnu++0x";
				CLANG_CXX_LIBRARY = "libc++";
				CLANG_ENABLE_MODULES = YES;
				CLANG_ENABLE_OBJC_ARC = YES;
				CLANG_WARN_BOOL_CONVERSION = YES;
				CLANG_WARN_CONSTANT_CONVERSION = YES;
				CLANG_WARN_DIRECT_OBJC_ISA_USAGE = YES_ERROR;
				CLANG_WARN_EMPTY_BODY = YES;
				CLANG_WARN_ENUM_CONVERSION = YES;
				CLANG_WARN_INT_CONVERSION = YES;
				CLANG_WARN_OBJC_ROOT_CLASS = YES_ERROR;
				CLANG_WARN_UNREACHABLE_CODE = YES;
				CLANG_WARN__DUPLICATE_METHOD_MATCH = YES;
				"CODE_SIGN_IDENTITY[sdk=iphoneos*]" = "iPhone Developer";
				COPY_PHASE_STRIP = NO;
				DEBUG_INFORMATION_FORMAT = "dwarf-with-dsym";
				ENABLE_NS_ASSERTIONS = NO;
				ENABLE_STRICT_OBJC_MSGSEND = YES;
				GCC_C_LANGUAGE_STANDARD = gnu99;
				GCC_NO_COMMON_BLOCKS = YES;
				GCC_WARN_64_TO_32_BIT_CONVERSION = YES;
				GCC_WARN_ABOUT_RETURN_TYPE = YES_ERROR;
				GCC_WARN_UNDECLARED_SELECTOR = YES;
				GCC_WARN_UNINITIALIZED_AUTOS = YES_AGGRESSIVE;
				GCC_WARN_UNUSED_FUNCTION = YES;
				GCC_WARN_UNUSED_VARIABLE = YES;
				IPHONEOS_DEPLOYMENT_TARGET = 9.2;
				MTL_ENABLE_DEBUG_INFO = NO;
				SDKROOT = iphoneos;
				VALIDATE_PRODUCT = YES;
			};
			name = Release;
		};
		401F3C131CA5F541003B0692 /* Debug */ = {
			isa = XCBuildConfiguration;
			buildSettings = {
				ASSETCATALOG_COMPILER_APPICON_NAME = AppIcon;
				INFOPLIST_FILE = GitDemo/Info.plist;
				LD_RUNPATH_SEARCH_PATHS = "$(inherited) @executable_path/Frameworks";
				PRODUCT_BUNDLE_IDENTIFIER = com.example.GitDemo;
				PRODUCT_NAME = "$(TARGET_NAME)";
			};
			name = Debug;
		};
		401F3C141CA5F541003B0692 /* Release */ = {
			isa = XCBuildConfiguration;
			buildSettings = {
				ASSETCATALOG_COMPILER_APPICON_NAME = AppIcon;
				INFOPLIST_FILE = GitDemo/Info.plist;
				LD_RUNPATH_SEARCH_PATHS = "$(inherited) @executable_path/Frameworks";
				PRODUCT_BUNDLE_IDENTIFIER = com.example.GitDemo;
				PRODUCT_NAME = "$(TARGET_NAME)";
			};
			name = Release;
		};
		401F3C161CA5F541003B0692 /* Debug */ = {
			isa = XCBuildConfiguration;
			buildSettings = {
				BUNDLE_LOADER = "$(TEST_HOST)";
				INFOPLIST_FILE = GitDemoTests/Info.plist;
				LD_RUNPATH_SEARCH_PATHS = "$(inherited) @executable_path/Frameworks @loader_path/Frameworks";
				PRODUCT_BUNDLE_IDENTIFIER = com.example.GitDemoTests;
				PRODUCT_NAME = "$(TARGET_NAME)";
				TEST_HOST = "$(BUILT_PRODUCTS_DIR)/GitDemo.app/GitDemo";
			};
			name = Debug;
		};
		401F3C171CA5F541003B0692 /* Release */ = {
			isa = XCBuildConfiguration;
			buildSettings = {
				BUNDLE_LOADER = "$(TEST_HOST)";
				INFOPLIST_FILE = GitDemoTests/Info.plist;
				LD_RUNPATH_SEARCH_PATHS = "$(inherited) @executable_path/Frameworks @loader_path/Frameworks";
				PRODUCT_BUNDLE_IDENTIFIER = com.example.GitDemoTests;
				PRODUCT_NAME = "$(TARGET_NAME)";
				TEST_HOST = "$(BUILT_PRODUCTS_DIR)/GitDemo.app/GitDemo";
			};
			name = Release;
		};
/* End XCBuildConfiguration section */

/* Begin XCConfigurationList section */
		401F3BF01CA5F541003B0692 /* Build configuration list for PBXProject "GitDemo" */ = {
			isa = XCConfigurationList;
			buildConfigurations = (
				401F3C101CA5F541003B0692 /* Debug */,
				401F3C111CA5F541003B0692 /* Release */,
			);
			defaultConfigurationIsVisible = 0;
			defaultConfigurationName = Release;
		};
		401F3C121CA5F541003B0692 /* Build configuration list for PBXNativeTarget "GitDemo" */ = {
			isa = XCConfigurationList;
			buildConfigurations = (
				401F3C131CA5F541003B0692 /* Debug */,
				401F3C141CA5F541003B0692 /* Release */,
			);
			defaultConfigurationIsVisible = 0;
		};
		401F3C151CA5F541003B0692 /* Build configuration list for PBXNativeTarget "GitDemoTests" */ = {
			isa = XCConfigurationList;
			buildConfigurations = (
				401F3C161CA5F541003B0692 /* Debug */,
				401F3C171CA5F541003B0692 /* Release */,
			);
			defaultConfigurationIsVisible = 0;
		};
/* End XCConfigurationList section */
	};
	rootObject = 401F3BED1CA5F541003B0692 /* Project object */;
}
